# This file is @generated by PDM.
# It is not intended for manual editing.

[metadata]
groups = ["default"]
strategy = ["cross_platform", "inherit_metadata"]
lock_version = "4.4.2"
content_hash = "sha256:7a920c202caab580cafe2a40181418552151603bdb6cb346ba5e6abc7c80f42d"

[[package]]
name = "power01-div"
version = "0.1.0"
requires_python = ">=3.9"
summary = "Default template for PDM package"
groups = ["default"]
files = [
    {file = "power01_div-0.1.0-py3-none-any.whl", hash = "sha256:37a4fbef6216fcd49648066e6dcbf2fb472377f167b1974dc36364d3fd7edb69"},
    {file = "power01_div-0.1.0.tar.gz", hash = "sha256:a1b09e401de671a4040fde8012b2cac6c639ae5f90c2b5eda0228913d472efa8"},
]

[[package]]
name = "power01-min"
version = "0.1.1"
requires_python = ">=3.9"
summary = "Default template for PDM package"
groups = ["default"]
files = [
    {file = "power01_min-0.1.1-py3-none-any.whl", hash = "sha256:e10603a59285be2b6e100c21b75a0b1b2fba28875279610e98b5850be8f4cf08"},
    {file = "power01_min-0.1.1.tar.gz", hash = "sha256:e4138c5f3a0aeeb7ff7799236fa2cb5ad6152374fd1efea80353dccfc82e75f8"},
]

[[package]]
name = "power01-mul"
version = "0.1.0"
requires_python = ">=3.9"
summary = "Default template for PDM package"
groups = ["default"]
files = [
    {file = "power01_mul-0.1.0-py3-none-any.whl", hash = "sha256:37c6c8db6cbe3a9c5a5b68d7acf6955d15e199fb238de5b7e52c3048a447d9cc"},
    {file = "power01_mul-0.1.0.tar.gz", hash = "sha256:4ca54b49ce345148643e06cca7c97c8534e9f55ed9269db7878908a6638f436b"},
]

[[package]]
name = "power01-plus"
version = "0.1.0"
requires_python = ">=3.9"
summary = "Default template for PDM package"
groups = ["default"]
files = [
    {file = "power01_plus-0.1.0-py3-none-any.whl", hash = "sha256:bdba0e63dc48e24a11ac1a72e6024b63a02bd9c5cf421ecc8cfdcf27a824465a"},
    {file = "power01_plus-0.1.0.tar.gz", hash = "sha256:0f7b2f95973b440fcd5212577b7d63773860a0b45a60db31e1d34fac5abf0ca7"},
]
